{
  "name": "Samples",
  "lockfileVersion": 3,
  "requires": true,
  "packages": {
    "": {
      "devDependencies": {
        "@types/xrm": "^9.0.79"
      }
    },
    "node_modules/@types/xrm": {
      "version": "9.0.79",
      "resolved": "https://registry.npmjs.org/@types/xrm/-/xrm-9.0.79.tgz",
      "integrity": "sha512-qFeqKWUdqQvWr3uj5I/wGHS9FFN6sQjHI0SnDhVWRMsv/fzYXgXXg0+n3sJ1LNlHK3UX7yXC7lZbvsIQAgz2rw==",
      "dev": true
    }
  }
}
